
Microsoft Visual Studio Solution File, Format Version 12.00
# Visual Studio 15
VisualStudioVersion = 15.0.28307.489
MinimumVisualStudioVersion = 10.0.40219.1
Project("{9A19103F-16F7-4668-BE54-9A1E7A4F7556}") = "LegalTrucking.Tests.Acceptance", "LegalTrucking.Tests.Acceptance\LegalTrucking.Tests.Acceptance.csproj", "{CBB6570A-ABF6-4C7D-91C5-4E7BD3252D9F}"
EndProject
Project("{2150E333-8FDC-42A3-9474-1A3956D46DE8}") = "Tests", "Tests", "{3AAB6DBE-D535-4203-81EC-1149AEF65F8A}"
EndProject
Project("{2150E333-8FDC-42A3-9474-1A3956D46DE8}") = "LegalTrucking.IntakePlus.Web.Ui", "LegalTrucking.IntakePlus.Web.Ui", "{F8A84D55-D3C4-4B60-85FE-440AAE05C149}"
EndProject
Project("{9A19103F-16F7-4668-BE54-9A1E7A4F7556}") = "LegalTrucking.IntakePlus.Web.Ui", "LegalTrucking.IntakePlus.Web.Ui\LegalTrucking.IntakePlus.Web.Ui.csproj", "{17334DA4-D8A6-4A12-8B4E-D705143BE893}"
EndProject
Project("{9A19103F-16F7-4668-BE54-9A1E7A4F7556}") = "CosmosDBRepository", "..\..\Desktop\Legal Trucking\LegalTrucking\CosmosDBCore\CosmosDBRepository.csproj", "{41D948E4-9576-400E-A85D-7F125B5C2663}"
EndProject
Project("{2150E333-8FDC-42A3-9474-1A3956D46DE8}") = "CosmosDBCore", "CosmosDBCore", "{B99B1545-9104-42AC-8DA7-90BB2BAE6046}"
EndProject
Global
	GlobalSection(SolutionConfigurationPlatforms) = preSolution
		Debug|Any CPU = Debug|Any CPU
		Release|Any CPU = Release|Any CPU
	EndGlobalSection
	GlobalSection(ProjectConfigurationPlatforms) = postSolution
		{CBB6570A-ABF6-4C7D-91C5-4E7BD3252D9F}.Debug|Any CPU.ActiveCfg = Debug|Any CPU
		{CBB6570A-ABF6-4C7D-91C5-4E7BD3252D9F}.Debug|Any CPU.Build.0 = Debug|Any CPU
		{CBB6570A-ABF6-4C7D-91C5-4E7BD3252D9F}.Release|Any CPU.ActiveCfg = Release|Any CPU
		{CBB6570A-ABF6-4C7D-91C5-4E7BD3252D9F}.Release|Any CPU.Build.0 = Release|Any CPU
		{17334DA4-D8A6-4A12-8B4E-D705143BE893}.Debug|Any CPU.ActiveCfg = Debug|Any CPU
		{17334DA4-D8A6-4A12-8B4E-D705143BE893}.Debug|Any CPU.Build.0 = Debug|Any CPU
		{17334DA4-D8A6-4A12-8B4E-D705143BE893}.Release|Any CPU.ActiveCfg = Release|Any CPU
		{17334DA4-D8A6-4A12-8B4E-D705143BE893}.Release|Any CPU.Build.0 = Release|Any CPU
		{41D948E4-9576-400E-A85D-7F125B5C2663}.Debug|Any CPU.ActiveCfg = Debug|Any CPU
		{41D948E4-9576-400E-A85D-7F125B5C2663}.Debug|Any CPU.Build.0 = Debug|Any CPU
		{41D948E4-9576-400E-A85D-7F125B5C2663}.Release|Any CPU.ActiveCfg = Release|Any CPU
		{41D948E4-9576-400E-A85D-7F125B5C2663}.Release|Any CPU.Build.0 = Release|Any CPU
	EndGlobalSection
	GlobalSection(SolutionProperties) = preSolution
		HideSolutionNode = FALSE
	EndGlobalSection
	GlobalSection(NestedProjects) = preSolution
		{CBB6570A-ABF6-4C7D-91C5-4E7BD3252D9F} = {3AAB6DBE-D535-4203-81EC-1149AEF65F8A}
		{17334DA4-D8A6-4A12-8B4E-D705143BE893} = {F8A84D55-D3C4-4B60-85FE-440AAE05C149}
		{41D948E4-9576-400E-A85D-7F125B5C2663} = {B99B1545-9104-42AC-8DA7-90BB2BAE6046}
	EndGlobalSection
	GlobalSection(ExtensibilityGlobals) = postSolution
		SolutionGuid = {560BA9A6-A183-4665-80AD-47B4395EE5DD}
	EndGlobalSection
EndGlobal
