
Microsoft Visual Studio Solution File, Format Version 12.00
# Visual Studio 15
VisualStudioVersion = 15.0.28307.489
MinimumVisualStudioVersion = 10.0.40219.1
Project("{9A19103F-16F7-4668-BE54-9A1E7A4F7556}") = "LegalTrucking.Tests.Acceptance", "LegalTrucking.Tests.Acceptance\LegalTrucking.Tests.Acceptance.csproj", "{CBB6570A-ABF6-4C7D-91C5-4E7BD3252D9F}"
EndProject
Project("{2150E333-8FDC-42A3-9474-1A3956D46DE8}") = "Tests", "Tests", "{3AAB6DBE-D535-4203-81EC-1149AEF65F8A}"
EndProject
Project("{2150E333-8FDC-42A3-9474-1A3956D46DE8}") = "LegalTrucking.IntakePlus.Web.Ui", "LegalTrucking.IntakePlus.Web.Ui", "{F8A84D55-D3C4-4B60-85FE-440AAE05C149}"
EndProject
Project("{9A19103F-16F7-4668-BE54-9A1E7A4F7556}") = "LegalTrucking.IntakePlus.Web.Ui", "LegalTrucking.IntakePlus.Web.Ui\LegalTrucking.IntakePlus.Web.Ui.csproj", "{17334DA4-D8A6-4A12-8B4E-D705143BE893}"
EndProject
Project("{2150E333-8FDC-42A3-9474-1A3956D46DE8}") = "Infrastructure", "Infrastructure", "{C46F1889-C278-4DBF-8383-D34A6AFE0B2C}"
EndProject
Project("{2150E333-8FDC-42A3-9474-1A3956D46DE8}") = "Adapters", "Adapters", "{C223E9B6-6AA1-4CDB-A80E-8E7457A48A50}"
EndProject
Project("{2150E333-8FDC-42A3-9474-1A3956D46DE8}") = "Presentation", "Presentation", "{92651F23-856B-4D3F-A7ED-3AB5885E5F47}"
EndProject
Project("{2150E333-8FDC-42A3-9474-1A3956D46DE8}") = "Core", "Core", "{16C6052F-743B-44F0-AD7E-CB83A88D6A9C}"
EndProject
Project("{FAE04EC0-301F-11D3-BF4B-00C04F79EFBC}") = "LegalTrucking.IntakePlus.Core", "LegalTrucking.IntakePlus.Core\LegalTrucking.IntakePlus.Core.csproj", "{FABD0A7E-10DF-44F1-8514-271CAFAAB308}"
EndProject
Project("{2150E333-8FDC-42A3-9474-1A3956D46DE8}") = "Acceptance", "Acceptance", "{6317A6DA-D0E2-4A24-8670-C5468D93B27A}"
EndProject
Project("{2150E333-8FDC-42A3-9474-1A3956D46DE8}") = "Unit", "Unit", "{93D64721-2CF9-41E4-8004-7B2BF5B9BB7E}"
EndProject
Project("{FAE04EC0-301F-11D3-BF4B-00C04F79EFBC}") = "LegalTrucking.Tests.Unit", "LegalTrucking.Tests.Unit\LegalTrucking.Tests.Unit.csproj", "{AC4507E0-AF25-4B77-A922-0D465485EFB1}"
EndProject
Project("{FAE04EC0-301F-11D3-BF4B-00C04F79EFBC}") = "LegalTrucking.IntakPlus.Api", "LegalTrucking.IntakPlus.Api\LegalTrucking.IntakPlus.Api.csproj", "{B5D5513D-269B-4889-8068-976640391432}"
EndProject
Project("{FAE04EC0-301F-11D3-BF4B-00C04F79EFBC}") = "LegalTrucking.IntakePlus.Infrastructure.CosmosDB", "LegalTrucking.IntakePlus.Infrastructure.CosmosDB\LegalTrucking.IntakePlus.Infrastructure.CosmosDB.csproj", "{96BD64B1-AC0C-4BEF-9419-EE344B1A8238}"
EndProject
Global
	GlobalSection(SolutionConfigurationPlatforms) = preSolution
		Debug|Any CPU = Debug|Any CPU
		Release|Any CPU = Release|Any CPU
	EndGlobalSection
	GlobalSection(ProjectConfigurationPlatforms) = postSolution
		{CBB6570A-ABF6-4C7D-91C5-4E7BD3252D9F}.Debug|Any CPU.ActiveCfg = Debug|Any CPU
		{CBB6570A-ABF6-4C7D-91C5-4E7BD3252D9F}.Debug|Any CPU.Build.0 = Debug|Any CPU
		{CBB6570A-ABF6-4C7D-91C5-4E7BD3252D9F}.Release|Any CPU.ActiveCfg = Release|Any CPU
		{CBB6570A-ABF6-4C7D-91C5-4E7BD3252D9F}.Release|Any CPU.Build.0 = Release|Any CPU
		{17334DA4-D8A6-4A12-8B4E-D705143BE893}.Debug|Any CPU.ActiveCfg = Debug|Any CPU
		{17334DA4-D8A6-4A12-8B4E-D705143BE893}.Debug|Any CPU.Build.0 = Debug|Any CPU
		{17334DA4-D8A6-4A12-8B4E-D705143BE893}.Release|Any CPU.ActiveCfg = Release|Any CPU
		{17334DA4-D8A6-4A12-8B4E-D705143BE893}.Release|Any CPU.Build.0 = Release|Any CPU
		{FABD0A7E-10DF-44F1-8514-271CAFAAB308}.Debug|Any CPU.ActiveCfg = Debug|Any CPU
		{FABD0A7E-10DF-44F1-8514-271CAFAAB308}.Debug|Any CPU.Build.0 = Debug|Any CPU
		{FABD0A7E-10DF-44F1-8514-271CAFAAB308}.Release|Any CPU.ActiveCfg = Release|Any CPU
		{FABD0A7E-10DF-44F1-8514-271CAFAAB308}.Release|Any CPU.Build.0 = Release|Any CPU
		{AC4507E0-AF25-4B77-A922-0D465485EFB1}.Debug|Any CPU.ActiveCfg = Debug|Any CPU
		{AC4507E0-AF25-4B77-A922-0D465485EFB1}.Debug|Any CPU.Build.0 = Debug|Any CPU
		{AC4507E0-AF25-4B77-A922-0D465485EFB1}.Release|Any CPU.ActiveCfg = Release|Any CPU
		{AC4507E0-AF25-4B77-A922-0D465485EFB1}.Release|Any CPU.Build.0 = Release|Any CPU
		{B5D5513D-269B-4889-8068-976640391432}.Debug|Any CPU.ActiveCfg = Debug|Any CPU
		{B5D5513D-269B-4889-8068-976640391432}.Debug|Any CPU.Build.0 = Debug|Any CPU
		{B5D5513D-269B-4889-8068-976640391432}.Release|Any CPU.ActiveCfg = Release|Any CPU
		{B5D5513D-269B-4889-8068-976640391432}.Release|Any CPU.Build.0 = Release|Any CPU
		{96BD64B1-AC0C-4BEF-9419-EE344B1A8238}.Debug|Any CPU.ActiveCfg = Debug|Any CPU
		{96BD64B1-AC0C-4BEF-9419-EE344B1A8238}.Debug|Any CPU.Build.0 = Debug|Any CPU
		{96BD64B1-AC0C-4BEF-9419-EE344B1A8238}.Release|Any CPU.ActiveCfg = Release|Any CPU
		{96BD64B1-AC0C-4BEF-9419-EE344B1A8238}.Release|Any CPU.Build.0 = Release|Any CPU
	EndGlobalSection
	GlobalSection(SolutionProperties) = preSolution
		HideSolutionNode = FALSE
	EndGlobalSection
	GlobalSection(NestedProjects) = preSolution
		{CBB6570A-ABF6-4C7D-91C5-4E7BD3252D9F} = {6317A6DA-D0E2-4A24-8670-C5468D93B27A}
		{3AAB6DBE-D535-4203-81EC-1149AEF65F8A} = {C223E9B6-6AA1-4CDB-A80E-8E7457A48A50}
		{F8A84D55-D3C4-4B60-85FE-440AAE05C149} = {92651F23-856B-4D3F-A7ED-3AB5885E5F47}
		{17334DA4-D8A6-4A12-8B4E-D705143BE893} = {F8A84D55-D3C4-4B60-85FE-440AAE05C149}
		{C46F1889-C278-4DBF-8383-D34A6AFE0B2C} = {C223E9B6-6AA1-4CDB-A80E-8E7457A48A50}
		{92651F23-856B-4D3F-A7ED-3AB5885E5F47} = {C223E9B6-6AA1-4CDB-A80E-8E7457A48A50}
		{FABD0A7E-10DF-44F1-8514-271CAFAAB308} = {16C6052F-743B-44F0-AD7E-CB83A88D6A9C}
		{6317A6DA-D0E2-4A24-8670-C5468D93B27A} = {3AAB6DBE-D535-4203-81EC-1149AEF65F8A}
		{93D64721-2CF9-41E4-8004-7B2BF5B9BB7E} = {3AAB6DBE-D535-4203-81EC-1149AEF65F8A}
		{AC4507E0-AF25-4B77-A922-0D465485EFB1} = {93D64721-2CF9-41E4-8004-7B2BF5B9BB7E}
		{B5D5513D-269B-4889-8068-976640391432} = {92651F23-856B-4D3F-A7ED-3AB5885E5F47}
		{96BD64B1-AC0C-4BEF-9419-EE344B1A8238} = {C46F1889-C278-4DBF-8383-D34A6AFE0B2C}
	EndGlobalSection
	GlobalSection(ExtensibilityGlobals) = postSolution
		SolutionGuid = {560BA9A6-A183-4665-80AD-47B4395EE5DD}
	EndGlobalSection
EndGlobal
